
Microsoft Visual Studio Solution File, Format Version 12.00
# Visual Studio Version 17
VisualStudioVersion = 17.6.33815.320
MinimumVisualStudioVersion = 10.0.40219.1
Project("{FAE04EC0-301F-11D3-BF4B-00C04F79EFBC}") = "LHpet3", "LHpet3\LHpet3.csproj", "{46E41A43-6499-4AFE-B83B-F78567D60E6E}"
EndProject
Global
	GlobalSection(SolutionConfigurationPlatforms) = preSolution
		Debug|Any CPU = Debug|Any CPU
		Release|Any CPU = Release|Any CPU
	EndGlobalSection
	GlobalSection(ProjectConfigurationPlatforms) = postSolution
		{46E41A43-6499-4AFE-B83B-F78567D60E6E}.Debug|Any CPU.ActiveCfg = Debug|Any CPU
		{46E41A43-6499-4AFE-B83B-F78567D60E6E}.Debug|Any CPU.Build.0 = Debug|Any CPU
		{46E41A43-6499-4AFE-B83B-F78567D60E6E}.Release|Any CPU.ActiveCfg = Release|Any CPU
		{46E41A43-6499-4AFE-B83B-F78567D60E6E}.Release|Any CPU.Build.0 = Release|Any CPU
	EndGlobalSection
	GlobalSection(SolutionProperties) = preSolution
		HideSolutionNode = FALSE
	EndGlobalSection
	GlobalSection(ExtensibilityGlobals) = postSolution
		SolutionGuid = {B8FEE5D3-FAC9-493E-B394-EA6E1BDB5929}
	EndGlobalSection
EndGlobal
